
Microsoft Visual Studio Solution File, Format Version 12.00
# Visual Studio Version 17
VisualStudioVersion = 17.12.35323.107
MinimumVisualStudioVersion = 10.0.40219.1
Project("{FAE04EC0-301F-11D3-BF4B-00C04F79EFBC}") = "ProductPriceChecker", "ProductPriceChecker.csproj", "{AE9952D2-18DE-47C2-9AC2-13DBB2E45A15}"
EndProject
Global
	GlobalSection(SolutionConfigurationPlatforms) = preSolution
		Debug|Any CPU = Debug|Any CPU
		Release|Any CPU = Release|Any CPU
	EndGlobalSection
	GlobalSection(ProjectConfigurationPlatforms) = postSolution
		{AE9952D2-18DE-47C2-9AC2-13DBB2E45A15}.Debug|Any CPU.ActiveCfg = Debug|Any CPU
		{AE9952D2-18DE-47C2-9AC2-13DBB2E45A15}.Debug|Any CPU.Build.0 = Debug|Any CPU
		{AE9952D2-18DE-47C2-9AC2-13DBB2E45A15}.Release|Any CPU.ActiveCfg = Release|Any CPU
		{AE9952D2-18DE-47C2-9AC2-13DBB2E45A15}.Release|Any CPU.Build.0 = Release|Any CPU
	EndGlobalSection
	GlobalSection(SolutionProperties) = preSolution
		HideSolutionNode = FALSE
	EndGlobalSection
	GlobalSection(ExtensibilityGlobals) = postSolution
		SolutionGuid = {CAB5A454-40FF-4A44-8C8A-C2B3E09B7CCA}
	EndGlobalSection
EndGlobal
